// !$*UTF8*$!
{
	archiveVersion = 1;
	classes = {
	};
	objectVersion = 46;
	objects = {

/* Begin PBXBuildFile section */
		A7A496B41CBFF0FE006A321F /* AppDelegate.swift in Sources */ = {isa = PBXBuildFile; fileRef = A7A496B31CBFF0FE006A321F /* AppDelegate.swift */; };
		A7A496B61CBFF0FE006A321F /* ViewController.swift in Sources */ = {isa = PBXBuildFile; fileRef = A7A496B51CBFF0FE006A321F /* ViewController.swift */; };
		A7A496B91CBFF0FE006A321F /* Main.storyboard in Resources */ = {isa = PBXBuildFile; fileRef = A7A496B71CBFF0FE006A321F /* Main.storyboard */; };
		A7A496BB1CBFF0FE006A321F /* Assets.xcassets in Resources */ = {isa = PBXBuildFile; fileRef = A7A496BA1CBFF0FE006A321F /* Assets.xcassets */; };
		A7A496BE1CBFF0FE006A321F /* LaunchScreen.storyboard in Resources */ = {isa = PBXBuildFile; fileRef = A7A496BC1CBFF0FE006A321F /* LaunchScreen.storyboard */; };
/* End PBXBuildFile section */

/* Begin PBXFileReference section */
		A7A496B01CBFF0FE006A321F /* W6D4StretchySnacks.app */ = {isa = PBXFileReference; explicitFileType = wrapper.application; includeInIndex = 0; path = W6D4StretchySnacks.app; sourceTree = BUILT_PRODUCTS_DIR; };
		A7A496B31CBFF0FE006A321F /* AppDelegate.swift */ = {isa = PBXFileReference; lastKnownFileType = sourcecode.swift; path = AppDelegate.swift; sourceTree = "<group>"; };
		A7A496B51CBFF0FE006A321F /* ViewController.swift */ = {isa = PBXFileReference; lastKnownFileType = sourcecode.swift; path = ViewController.swift; sourceTree = "<group>"; };
		A7A496B81CBFF0FE006A321F /* Base */ = {isa = PBXFileReference; lastKnownFileType = file.storyboard; name = Base; path = Base.lproj/Main.storyboard; sourceTree = "<group>"; };
		A7A496BA1CBFF0FE006A321F /* Assets.xcassets */ = {isa = PBXFileReference; lastKnownFileType = folder.assetcatalog; path = Assets.xcassets; sourceTree = "<group>"; };
		A7A496BD1CBFF0FE006A321F /* Base */ = {isa = PBXFileReference; lastKnownFileType = file.storyboard; name = Base; path = Base.lproj/LaunchScreen.storyboard; sourceTree = "<group>"; };
		A7A496BF1CBFF0FE006A321F /* Info.plist */ = {isa = PBXFileReference; lastKnownFileType = text.plist.xml; path = Info.plist; sourceTree = "<group>"; };
/* End PBXFileReference section */

/* Begin PBXFrameworksBuildPhase section */
		A7A496AD1CBFF0FE006A321F /* Frameworks */ = {
			isa = PBXFrameworksBuildPhase;
			buildActionMask = 2147483647;
			files = (
			);
			runOnlyForDeploymentPostprocessing = 0;
		};
/* End PBXFrameworksBuildPhase section */

/* Begin PBXGroup section */
		A7A496A71CBFF0FE006A321F = {
			isa = PBXGroup;
			children = (
				A7A496B21CBFF0FE006A321F /* W6D4StretchySnacks */,
				A7A496B11CBFF0FE006A321F /* Products */,
			);
			sourceTree = "<group>";
		};
		A7A496B11CBFF0FE006A321F /* Products */ = {
			isa = PBXGroup;
			children = (
				A7A496B01CBFF0FE006A321F /* W6D4StretchySnacks.app */,
			);
			name = Products;
			sourceTree = "<group>";
		};
		A7A496B21CBFF0FE006A321F /* W6D4StretchySnacks */ = {
			isa = PBXGroup;
			children = (
				A7A496B31CBFF0FE006A321F /* AppDelegate.swift */,
				A7A496B51CBFF0FE006A321F /* ViewController.swift */,
				A7A496B71CBFF0FE006A321F /* Main.storyboard */,
				A7A496BA1CBFF0FE006A321F /* Assets.xcassets */,
				A7A496BC1CBFF0FE006A321F /* LaunchScreen.storyboard */,
				A7A496BF1CBFF0FE006A321F /* Info.plist */,
			);
			path = W6D4StretchySnacks;
			sourceTree = "<group>";
		};
/* End PBXGroup section */

/* Begin PBXNativeTarget section */
		A7A496AF1CBFF0FE006A321F /* W6D4StretchySnacks */ = {
			isa = PBXNativeTarget;
			buildConfigurationList = A7A496C21CBFF0FE006A321F /* Build configuration list for PBXNativeTarget "W6D4StretchySnacks" */;
			buildPhases = (
				A7A496AC1CBFF0FE006A321F /* Sources */,
				A7A496AD1CBFF0FE006A321F /* Frameworks */,
				A7A496AE1CBFF0FE006A321F /* Resources */,
			);
			buildRules = (
			);
			dependencies = (
			);
			name = W6D4StretchySnacks;
			productName = W6D4StretchySnacks;
			productReference = A7A496B01CBFF0FE006A321F /* W6D4StretchySnacks.app */;
			productType = "com.apple.product-type.application";
		};
/* End PBXNativeTarget section */

/* Begin PBXProject section */
		A7A496A81CBFF0FE006A321F /* Project object */ = {
			isa = PBXProject;
			attributes = {
				LastSwiftUpdateCheck = 0730;
				LastUpgradeCheck = 0730;
				ORGANIZATIONNAME = AccessIT;
				TargetAttributes = {
					A7A496AF1CBFF0FE006A321F = {
						CreatedOnToolsVersion = 7.3;
						DevelopmentTeam = DA62YQ6NQN;
					};
				};
			};
			buildConfigurationList = A7A496AB1CBFF0FE006A321F /* Build configuration list for PBXProject "W6D4StretchySnacks" */;
			compatibilityVersion = "Xcode 3.2";
			developmentRegion = English;
			hasScannedForEncodings = 0;
			knownRegions = (
				en,
				Base,
			);
			mainGroup = A7A496A71CBFF0FE006A321F;
			productRefGroup = A7A496B11CBFF0FE006A321F /* Products */;
			projectDirPath = "";
			projectRoot = "";
			targets = (
				A7A496AF1CBFF0FE006A321F /* W6D4StretchySnacks */,
			);
		};
/* End PBXProject section */

/* Begin PBXResourcesBuildPhase section */
		A7A496AE1CBFF0FE006A321F /* Resources */ = {
			isa = PBXResourcesBuildPhase;
			buildActionMask = 2147483647;
			files = (
				A7A496BE1CBFF0FE006A321F /* LaunchScreen.storyboard in Resources */,
				A7A496BB1CBFF0FE006A321F /* Assets.xcassets in Resources */,
				A7A496B91CBFF0FE006A321F /* Main.storyboard in Resources */,
			);
			runOnlyForDeploymentPostprocessing = 0;
		};
/* End PBXResourcesBuildPhase section */

/* Begin PBXSourcesBuildPhase section */
		A7A496AC1CBFF0FE006A321F /* Sources */ = {
			isa = PBXSourcesBuildPhase;
			buildActionMask = 2147483647;
			files = (
				A7A496B61CBFF0FE006A321F /* ViewController.swift in Sources */,
				A7A496B41CBFF0FE006A321F /* AppDelegate.swift in Sources */,
			);
			runOnlyForDeploymentPostprocessing = 0;
		};
/* End PBXSourcesBuildPhase section */

/* Begin PBXVariantGroup section */
		A7A496B71CBFF0FE006A321F /* Main.storyboard */ = {
			isa = PBXVariantGroup;
			children = (
				A7A496B81CBFF0FE006A321F /* Base */,
			);
			name = Main.storyboard;
			sourceTree = "<group>";
		};
		A7A496BC1CBFF0FE006A321F /* LaunchScreen.storyboard */ = {
			isa = PBXVariantGroup;
			children = (
				A7A496BD1CBFF0FE006A321F /* Base */,
			);
			name = LaunchScreen.storyboard;
			sourceTree = "<group>";
		};
/* End PBXVariantGroup section */

/* Begin XCBuildConfiguration section */
		A7A496C01CBFF0FE006A321F /* Debug */ = {
			isa = XCBuildConfiguration;
			buildSettings = {
				ALWAYS_SEARCH_USER_PATHS = NO;
				CLANG_ANALYZER_NONNULL = YES;
				CLANG_CXX_LANGUAGE_STANDARD = "gnu++0x";
				CLANG_CXX_LIBRARY = "libc++";
				CLANG_ENABLE_MODULES = YES;
				CLANG_ENABLE_OBJC_ARC = YES;
				CLANG_WARN_BOOL_CONVERSION = YES;
				CLANG_WARN_CONSTANT_CONVERSION = YES;
				CLANG_WARN_DIRECT_OBJC_ISA_USAGE = YES_ERROR;
				CLANG_WARN_EMPTY_BODY = YES;
				CLANG_WARN_ENUM_CONVERSION = YES;
				CLANG_WARN_INT_CONVERSION = YES;
				CLANG_WARN_OBJC_ROOT_CLASS = YES_ERROR;
				CLANG_WARN_UNREACHABLE_CODE = YES;
				CLANG_WARN__DUPLICATE_METHOD_MATCH = YES;
				"CODE_SIGN_IDENTITY[sdk=iphoneos*]" = "iPhone Developer";
				COPY_PHASE_STRIP = NO;
				DEBUG_INFORMATION_FORMAT = dwarf;
				ENABLE_STRICT_OBJC_MSGSEND = YES;
				ENABLE_TESTABILITY = YES;
				GCC_C_LANGUAGE_STANDARD = gnu99;
				GCC_DYNAMIC_NO_PIC = NO;
				GCC_NO_COMMON_BLOCKS = YES;
				GCC_OPTIMIZATION_LEVEL = 0;
				GCC_PREPROCESSOR_DEFINITIONS = (
					"DEBUG=1",
					"$(inherited)",
				);
				GCC_WARN_64_TO_32_BIT_CONVERSION = YES;
				GCC_WARN_ABOUT_RETURN_TYPE = YES_ERROR;
				GCC_WARN_UNDECLARED_SELECTOR = YES;
				GCC_WARN_UNINITIALIZED_AUTOS = YES_AGGRESSIVE;
				GCC_WARN_UNUSED_FUNCTION = YES;
				GCC_WARN_UNUSED_VARIABLE = YES;
				IPHONEOS_DEPLOYMENT_TARGET = 9.3;
				MTL_ENABLE_DEBUG_INFO = YES;
				ONLY_ACTIVE_ARCH = YES;
				SDKROOT = iphoneos;
				SWIFT_OPTIMIZATION_LEVEL = "-Onone";
				TARGETED_DEVICE_FAMILY = "1,2";
			};
			name = Debug;
		};
		A7A496C11CBFF0FE006A321F /* Release */ = {
			isa = XCBuildConfiguration;
			buildSettings = {
				ALWAYS_SEARCH_USER_PATHS = NO;
				CLANG_ANALYZER_NONNULL = YES;
				CLANG_CXX_LANGUAGE_STANDARD = "gnu++0x";
				CLANG_CXX_LIBRARY = "libc++";
				CLANG_ENABLE_MODULES = YES;
				CLANG_ENABLE_OBJC_ARC = YES;
				CLANG_WARN_BOOL_CONVERSION = YES;
				CLANG_WARN_CONSTANT_CONVERSION = YES;
				CLANG_WARN_DIRECT_OBJC_ISA_USAGE = YES_ERROR;
				CLANG_WARN_EMPTY_BODY = YES;
				CLANG_WARN_ENUM_CONVERSION = YES;
				CLANG_WARN_INT_CONVERSION = YES;
				CLANG_WARN_OBJC_ROOT_CLASS = YES_ERROR;
				CLANG_WARN_UNREACHABLE_CODE = YES;
				CLANG_WARN__DUPLICATE_METHOD_MATCH = YES;
				"CODE_SIGN_IDENTITY[sdk=iphoneos*]" = "iPhone Developer";
				COPY_PHASE_STRIP = NO;
				DEBUG_INFORMATION_FORMAT = "dwarf-with-dsym";
				ENABLE_NS_ASSERTIONS = NO;
				ENABLE_STRICT_OBJC_MSGSEND = YES;
				GCC_C_LANGUAGE_STANDARD = gnu99;
				GCC_NO_COMMON_BLOCKS = YES;
				GCC_WARN_64_TO_32_BIT_CONVERSION = YES;
				GCC_WARN_ABOUT_RETURN_TYPE = YES_ERROR;
				GCC_WARN_UNDECLARED_SELECTOR = YES;
				GCC_WARN_UNINITIALIZED_AUTOS = YES_AGGRESSIVE;
				GCC_WARN_UNUSED_FUNCTION = YES;
				GCC_WARN_UNUSED_VARIABLE = YES;
				IPHONEOS_DEPLOYMENT_TARGET = 9.3;
				MTL_ENABLE_DEBUG_INFO = NO;
				SDKROOT = iphoneos;
				TARGETED_DEVICE_FAMILY = "1,2";
				VALIDATE_PRODUCT = YES;
			};
			name = Release;
		};
		A7A496C31CBFF0FE006A321F /* Debug */ = {
			isa = XCBuildConfiguration;
			buildSettings = {
				ASSETCATALOG_COMPILER_APPICON_NAME = AppIcon;
				INFOPLIST_FILE = W6D4StretchySnacks/Info.plist;
				LD_RUNPATH_SEARCH_PATHS = "$(inherited) @executable_path/Frameworks";
				PRODUCT_BUNDLE_IDENTIFIER = access.W6D4StretchySnacks;
				PRODUCT_NAME = "$(TARGET_NAME)";
			};
			name = Debug;
		};
		A7A496C41CBFF0FE006A321F /* Release */ = {
			isa = XCBuildConfiguration;
			buildSettings = {
				ASSETCATALOG_COMPILER_APPICON_NAME = AppIcon;
				INFOPLIST_FILE = W6D4StretchySnacks/Info.plist;
				LD_RUNPATH_SEARCH_PATHS = "$(inherited) @executable_path/Frameworks";
				PRODUCT_BUNDLE_IDENTIFIER = access.W6D4StretchySnacks;
				PRODUCT_NAME = "$(TARGET_NAME)";
			};
			name = Release;
		};
/* End XCBuildConfiguration section */

/* Begin XCConfigurationList section */
		A7A496AB1CBFF0FE006A321F /* Build configuration list for PBXProject "W6D4StretchySnacks" */ = {
			isa = XCConfigurationList;
			buildConfigurations = (
				A7A496C01CBFF0FE006A321F /* Debug */,
				A7A496C11CBFF0FE006A321F /* Release */,
			);
			defaultConfigurationIsVisible = 0;
			defaultConfigurationName = Release;
		};
		A7A496C21CBFF0FE006A321F /* Build configuration list for PBXNativeTarget "W6D4StretchySnacks" */ = {
			isa = XCConfigurationList;
			buildConfigurations = (
				A7A496C31CBFF0FE006A321F /* Debug */,
				A7A496C41CBFF0FE006A321F /* Release */,
			);
			defaultConfigurationIsVisible = 0;
		};
/* End XCConfigurationList section */
	};
	rootObject = A7A496A81CBFF0FE006A321F /* Project object */;
}
